{
  "version": 4,
  "terraform_version": "0.13.5",
  "serial": 32,
  "lineage": "f5bd6645-4837-426f-f282-4e0d3418129a",
  "outputs": {},
  "resources": [
    {
      "module": "module.vm",
      "mode": "data",
      "type": "aws_ami",
      "name": "ubuntu",
      "provider": "module.vm.provider[\"registry.terraform.io/hashicorp/aws\"]",
      "instances": [
        {
          "schema_version": 0,
          "attributes": {
            "architecture": "x86_64",
            "arn": "arn:aws:ec2:ap-southeast-1::image/ami-0f0b17182b1d50c14",
            "block_device_mappings": [
              {
                "device_name": "/dev/sda1",
                "ebs": {
                  "delete_on_termination": "true",
                  "encrypted": "false",
                  "iops": "0",
                  "snapshot_id": "snap-0c94c4b4fc8bd8b66",
                  "throughput": "0",
                  "volume_size": "8",
                  "volume_type": "gp2"
                },
                "no_device": "",
                "virtual_name": ""
              },
              {
                "device_name": "/dev/sdb",
                "ebs": {},
                "no_device": "",
                "virtual_name": "ephemeral0"
              },
              {
                "device_name": "/dev/sdc",
                "ebs": {},
                "no_device": "",
                "virtual_name": "ephemeral1"
              }
            ],
            "creation_date": "2021-07-21T13:27:14.000Z",
            "description": "Canonical, Ubuntu, 20.04 LTS, amd64 focal image build on 2021-07-20",
            "ena_support": true,
            "executable_users": null,
            "filter": [
              {
                "name": "name",
                "values": [
                  "ubuntu/images/hvm-ssd/ubuntu-focal-20.04-amd64-server-*"
                ]
              },
              {
                "name": "virtualization-type",
                "values": [
                  "hvm"
                ]
              }
            ],
            "hypervisor": "xen",
            "id": "ami-0f0b17182b1d50c14",
            "image_id": "ami-0f0b17182b1d50c14",
            "image_location": "099720109477/ubuntu/images/hvm-ssd/ubuntu-focal-20.04-amd64-server-20210720",
            "image_owner_alias": null,
            "image_type": "machine",
            "kernel_id": null,
            "most_recent": true,
            "name": "ubuntu/images/hvm-ssd/ubuntu-focal-20.04-amd64-server-20210720",
            "name_regex": null,
            "owner_id": "099720109477",
            "owners": [
              "099720109477"
            ],
            "platform": null,
            "platform_details": "Linux/UNIX",
            "product_codes": [],
            "public": true,
            "ramdisk_id": null,
            "root_device_name": "/dev/sda1",
            "root_device_type": "ebs",
            "root_snapshot_id": "snap-0c94c4b4fc8bd8b66",
            "sriov_net_support": "simple",
            "state": "available",
            "state_reason": {
              "code": "UNSET",
              "message": "UNSET"
            },
            "tags": {},
            "usage_operation": "RunInstances",
            "virtualization_type": "hvm"
          }
        }
      ]
    },
    {
      "module": "module.vm",
      "mode": "managed",
      "type": "aws_instance",
      "name": "ast-vm",
      "provider": "module.vm.provider[\"registry.terraform.io/hashicorp/aws\"]",
      "instances": [
        {
          "schema_version": 1,
          "attributes": {
            "ami": "ami-0f0b17182b1d50c14",
            "arn": "arn:aws:ec2:ap-southeast-1:360760555806:instance/i-0f8070ec09b63fce8",
            "associate_public_ip_address": true,
            "availability_zone": "ap-southeast-1b",
            "capacity_reservation_specification": [
              {
                "capacity_reservation_preference": "open",
                "capacity_reservation_target": []
              }
            ],
            "cpu_core_count": 1,
            "cpu_threads_per_core": 2,
            "credit_specification": [
              {
                "cpu_credits": "unlimited"
              }
            ],
            "disable_api_termination": false,
            "ebs_block_device": [],
            "ebs_optimized": false,
            "enclave_options": [
              {
                "enabled": false
              }
            ],
            "ephemeral_block_device": [],
            "get_password_data": false,
            "hibernation": false,
            "host_id": null,
            "iam_instance_profile": "",
            "id": "i-0f8070ec09b63fce8",
            "instance_initiated_shutdown_behavior": "stop",
            "instance_state": "running",
            "instance_type": "t3.micro",
            "ipv6_address_count": 0,
            "ipv6_addresses": [],
            "key_name": "ast-pkey",
            "launch_template": [],
            "metadata_options": [
              {
                "http_endpoint": "enabled",
                "http_put_response_hop_limit": 1,
                "http_tokens": "optional"
              }
            ],
            "monitoring": false,
            "network_interface": [
              {
                "delete_on_termination": false,
                "device_index": 0,
                "network_interface_id": "eni-0fa2ac6e173d533b8"
              }
            ],
            "outpost_arn": "",
            "password_data": "",
            "placement_group": "",
            "primary_network_interface_id": "eni-0fa2ac6e173d533b8",
            "private_dns": "ip-10-0-1-120.ap-southeast-1.compute.internal",
            "private_ip": "10.0.1.120",
            "public_dns": "",
            "public_ip": "13.229.228.137",
            "root_block_device": [
              {
                "delete_on_termination": true,
                "device_name": "/dev/sda1",
                "encrypted": false,
                "iops": 100,
                "kms_key_id": "",
                "tags": {},
                "throughput": 0,
                "volume_id": "vol-0ca93af0dc64f2b63",
                "volume_size": 8,
                "volume_type": "gp2"
              }
            ],
            "secondary_private_ips": [],
            "security_groups": [],
            "source_dest_check": true,
            "subnet_id": "subnet-07ed3a0faa6ed398a",
            "tags": {
              "Name": "ast-vm"
            },
            "tags_all": {
              "Name": "ast-vm"
            },
            "tenancy": "default",
            "timeouts": null,
            "user_data": null,
            "user_data_base64": null,
            "volume_tags": null,
            "vpc_security_group_ids": [
              "sg-020bec2f1ede4c8ca"
            ]
          },
          "private": "eyJlMmJmYjczMC1lY2FhLTExZTYtOGY4OC0zNDM2M2JjN2M0YzAiOnsiY3JlYXRlIjo2MDAwMDAwMDAwMDAsImRlbGV0ZSI6MTIwMDAwMDAwMDAwMCwidXBkYXRlIjo2MDAwMDAwMDAwMDB9LCJzY2hlbWFfdmVyc2lvbiI6IjEifQ==",
          "dependencies": [
            "module.vm.aws_network_interface.ast-ni",
            "module.vm.data.aws_ami.ubuntu"
          ]
        }
      ]
    },
    {
      "module": "module.vm",
      "mode": "managed",
      "type": "aws_network_interface",
      "name": "ast-ni",
      "provider": "module.vm.provider[\"registry.terraform.io/hashicorp/aws\"]",
      "instances": [
        {
          "schema_version": 0,
          "attributes": {
            "attachment": [
              {
                "attachment_id": "eni-attach-0c10f3410f77b3c30",
                "device_index": 0,
                "instance": "i-017f4b2f93d814e2e"
              }
            ],
            "description": "",
            "id": "eni-0fa2ac6e173d533b8",
            "interface_type": "interface",
            "ipv6_address_count": 0,
            "ipv6_addresses": [],
            "mac_address": "02:80:1d:0a:66:48",
            "outpost_arn": "",
            "private_dns_name": "",
            "private_ip": "10.0.1.120",
            "private_ips": [
              "10.0.1.120"
            ],
            "private_ips_count": 0,
            "security_groups": [
              "sg-020bec2f1ede4c8ca"
            ],
            "source_dest_check": true,
            "subnet_id": "subnet-07ed3a0faa6ed398a",
            "tags": {
              "Name": "ast-ni"
            },
            "tags_all": {
              "Name": "ast-ni"
            }
          },
          "private": "bnVsbA==",
          "dependencies": [
            "module.vpc.aws_security_group.ast-allow-default",
            "module.vpc.aws_subnet.ast-public",
            "module.vpc.aws_vpc.ast-test"
          ]
        }
      ]
    },
    {
      "module": "module.vm_2",
      "mode": "data",
      "type": "aws_ami",
      "name": "ubuntu",
      "provider": "module.vm_2.provider[\"registry.terraform.io/hashicorp/aws\"]",
      "instances": [
        {
          "schema_version": 0,
          "attributes": {
            "architecture": "x86_64",
            "arn": "arn:aws:ec2:ap-southeast-1::image/ami-0f0b17182b1d50c14",
            "block_device_mappings": [
              {
                "device_name": "/dev/sda1",
                "ebs": {
                  "delete_on_termination": "true",
                  "encrypted": "false",
                  "iops": "0",
                  "snapshot_id": "snap-0c94c4b4fc8bd8b66",
                  "throughput": "0",
                  "volume_size": "8",
                  "volume_type": "gp2"
                },
                "no_device": "",
                "virtual_name": ""
              },
              {
                "device_name": "/dev/sdb",
                "ebs": {},
                "no_device": "",
                "virtual_name": "ephemeral0"
              },
              {
                "device_name": "/dev/sdc",
                "ebs": {},
                "no_device": "",
                "virtual_name": "ephemeral1"
              }
            ],
            "creation_date": "2021-07-21T13:27:14.000Z",
            "description": "Canonical, Ubuntu, 20.04 LTS, amd64 focal image build on 2021-07-20",
            "ena_support": true,
            "executable_users": null,
            "filter": [
              {
                "name": "name",
                "values": [
                  "ubuntu/images/hvm-ssd/ubuntu-focal-20.04-amd64-server-*"
                ]
              },
              {
                "name": "virtualization-type",
                "values": [
                  "hvm"
                ]
              }
            ],
            "hypervisor": "xen",
            "id": "ami-0f0b17182b1d50c14",
            "image_id": "ami-0f0b17182b1d50c14",
            "image_location": "099720109477/ubuntu/images/hvm-ssd/ubuntu-focal-20.04-amd64-server-20210720",
            "image_owner_alias": null,
            "image_type": "machine",
            "kernel_id": null,
            "most_recent": true,
            "name": "ubuntu/images/hvm-ssd/ubuntu-focal-20.04-amd64-server-20210720",
            "name_regex": null,
            "owner_id": "099720109477",
            "owners": [
              "099720109477"
            ],
            "platform": null,
            "platform_details": "Linux/UNIX",
            "product_codes": [],
            "public": true,
            "ramdisk_id": null,
            "root_device_name": "/dev/sda1",
            "root_device_type": "ebs",
            "root_snapshot_id": "snap-0c94c4b4fc8bd8b66",
            "sriov_net_support": "simple",
            "state": "available",
            "state_reason": {
              "code": "UNSET",
              "message": "UNSET"
            },
            "tags": {},
            "usage_operation": "RunInstances",
            "virtualization_type": "hvm"
          }
        }
      ]
    },
    {
      "module": "module.vm_2",
      "mode": "managed",
      "type": "aws_instance",
      "name": "ast-vm",
      "provider": "module.vm_2.provider[\"registry.terraform.io/hashicorp/aws\"]",
      "instances": [
        {
          "schema_version": 1,
          "attributes": {
            "ami": "ami-0f0b17182b1d50c14",
            "arn": "arn:aws:ec2:ap-southeast-1:360760555806:instance/i-0c8f53f37f90df0c3",
            "associate_public_ip_address": false,
            "availability_zone": "ap-southeast-1c",
            "capacity_reservation_specification": [
              {
                "capacity_reservation_preference": "open",
                "capacity_reservation_target": []
              }
            ],
            "cpu_core_count": 1,
            "cpu_threads_per_core": 2,
            "credit_specification": [
              {
                "cpu_credits": "unlimited"
              }
            ],
            "disable_api_termination": false,
            "ebs_block_device": [],
            "ebs_optimized": false,
            "enclave_options": [
              {
                "enabled": false
              }
            ],
            "ephemeral_block_device": [],
            "get_password_data": false,
            "hibernation": false,
            "host_id": null,
            "iam_instance_profile": "",
            "id": "i-0c8f53f37f90df0c3",
            "instance_initiated_shutdown_behavior": "stop",
            "instance_state": "running",
            "instance_type": "t3.micro",
            "ipv6_address_count": 0,
            "ipv6_addresses": [],
            "key_name": "ast-pkey",
            "launch_template": [],
            "metadata_options": [
              {
                "http_endpoint": "enabled",
                "http_put_response_hop_limit": 1,
                "http_tokens": "optional"
              }
            ],
            "monitoring": false,
            "network_interface": [
              {
                "delete_on_termination": false,
                "device_index": 0,
                "network_interface_id": "eni-0d01af918bd715a1b"
              }
            ],
            "outpost_arn": "",
            "password_data": "",
            "placement_group": "",
            "primary_network_interface_id": "eni-0d01af918bd715a1b",
            "private_dns": "ip-10-0-2-132.ap-southeast-1.compute.internal",
            "private_ip": "10.0.2.132",
            "public_dns": "",
            "public_ip": "",
            "root_block_device": [
              {
                "delete_on_termination": true,
                "device_name": "/dev/sda1",
                "encrypted": false,
                "iops": 100,
                "kms_key_id": "",
                "tags": {},
                "throughput": 0,
                "volume_id": "vol-035a0555265512acd",
                "volume_size": 8,
                "volume_type": "gp2"
              }
            ],
            "secondary_private_ips": [],
            "security_groups": [],
            "source_dest_check": true,
            "subnet_id": "subnet-04be360091e6bc26b",
            "tags": {
              "Name": "ast-vm"
            },
            "tags_all": {
              "Name": "ast-vm"
            },
            "tenancy": "default",
            "timeouts": null,
            "user_data": null,
            "user_data_base64": null,
            "volume_tags": null,
            "vpc_security_group_ids": [
              "sg-020bec2f1ede4c8ca"
            ]
          },
          "private": "eyJlMmJmYjczMC1lY2FhLTExZTYtOGY4OC0zNDM2M2JjN2M0YzAiOnsiY3JlYXRlIjo2MDAwMDAwMDAwMDAsImRlbGV0ZSI6MTIwMDAwMDAwMDAwMCwidXBkYXRlIjo2MDAwMDAwMDAwMDB9LCJzY2hlbWFfdmVyc2lvbiI6IjEifQ==",
          "dependencies": [
            "module.vm_2.aws_network_interface.ast-ni",
            "module.vm_2.data.aws_ami.ubuntu"
          ]
        }
      ]
    },
    {
      "module": "module.vm_2",
      "mode": "managed",
      "type": "aws_key_pair",
      "name": "ast-pkey",
      "provider": "module.vm_2.provider[\"registry.terraform.io/hashicorp/aws\"]",
      "instances": [
        {
          "schema_version": 1,
          "attributes": {
            "arn": "arn:aws:ec2:ap-southeast-1:360760555806:key-pair/ast-pkey",
            "fingerprint": "8d:01:32:76:b7:1c:78:07:a8:3b:db:b7:ce:8a:0b:be",
            "id": "ast-pkey",
            "key_name": "ast-pkey",
            "key_name_prefix": null,
            "key_pair_id": "key-05ce3d5c40e792ab0",
            "public_key": "ssh-rsa AAAAB3NzaC1yc2EAAAADAQABAAABgQDiHq4vfgd0QAC/UNzvezU204gWAWQgloaAsP7S0qA2kEnknnsfWwmUCwwlVb4fNcY/cXmt5jStjMW1yDtcQGDDb/n4K88L83pUvUC7BYE55ADquvCFoamVHmAT63Ko5rvjol0kYZ8cEP6QpHAzwqqOyj/YMB+ZD+Uq3YoU16ODiJSvY1mGchal2iB1SFgMyRfleiPtNnX1zVYKUe0qLQFYtss6G51gT/vaQd4B7jrXOHXeowvGCI0DLgHGjJmeLlzia+MlqYKcrRJ/GYUy1Meyc5UNU9kBVUgKhIhYQYxKvkQw+AnrTS5sVgbTPGP3FeS1AzqQoUl+PDylDz5UfnCOmpndn7AhX3hgsARfb/mW4dXTDda9XHdKd9Vx7L/bnzPE3n5ZFdcyc4RpJf1aAmvoQI7h31IUIxEr35l5MA/fj65E35RI62dd0TPh5AdNf2pnPMviO3KM0P0vO1Xpbz5vyJHUfroXpexdmYyLpca989Ym52HAmbNukkzNlElsGg8= astrico@astricos-MacBook-Pro.local",
            "tags": null,
            "tags_all": {}
          },
          "private": "eyJzY2hlbWFfdmVyc2lvbiI6IjEifQ=="
        }
      ]
    },
    {
      "module": "module.vm_2",
      "mode": "managed",
      "type": "aws_network_interface",
      "name": "ast-ni",
      "provider": "module.vm_2.provider[\"registry.terraform.io/hashicorp/aws\"]",
      "instances": [
        {
          "schema_version": 0,
          "attributes": {
            "attachment": [
              {
                "attachment_id": "eni-attach-002c4f8b064dc0482",
                "device_index": 0,
                "instance": "i-0ac87866f82528bb5"
              }
            ],
            "description": "",
            "id": "eni-0d01af918bd715a1b",
            "interface_type": "interface",
            "ipv6_address_count": 0,
            "ipv6_addresses": [],
            "mac_address": "0a:4a:47:d5:ea:b8",
            "outpost_arn": "",
            "private_dns_name": "",
            "private_ip": "10.0.2.132",
            "private_ips": [
              "10.0.2.132"
            ],
            "private_ips_count": 0,
            "security_groups": [
              "sg-020bec2f1ede4c8ca"
            ],
            "source_dest_check": true,
            "subnet_id": "subnet-04be360091e6bc26b",
            "tags": {
              "Name": "ast-ni"
            },
            "tags_all": {
              "Name": "ast-ni"
            }
          },
          "private": "bnVsbA==",
          "dependencies": [
            "module.vpc.aws_security_group.ast-allow-default",
            "module.vpc.aws_subnet.ast-private",
            "module.vpc.aws_vpc.ast-test"
          ]
        }
      ]
    },
    {
      "module": "module.vpc",
      "mode": "managed",
      "type": "aws_eip",
      "name": "ast-eip",
      "provider": "module.vpc.provider[\"registry.terraform.io/hashicorp/aws\"]",
      "instances": [
        {
          "schema_version": 0,
          "attributes": {
            "address": null,
            "allocation_id": null,
            "associate_with_private_ip": null,
            "association_id": "eipassoc-012c102a5d9765dc9",
            "carrier_ip": "",
            "customer_owned_ip": "",
            "customer_owned_ipv4_pool": "",
            "domain": "vpc",
            "id": "eipalloc-08da6162927b91821",
            "instance": "",
            "network_border_group": "ap-southeast-1",
            "network_interface": "eni-0c4ca4be6c963b542",
            "private_dns": "ip-10-0-1-61.ap-southeast-1.compute.internal",
            "private_ip": "10.0.1.61",
            "public_dns": "ec2-18-142-5-127.ap-southeast-1.compute.amazonaws.com",
            "public_ip": "18.142.5.127",
            "public_ipv4_pool": "amazon",
            "tags": {
              "Name": "ast-eip"
            },
            "tags_all": {
              "Name": "ast-eip"
            },
            "timeouts": null,
            "vpc": true
          },
          "private": "eyJlMmJmYjczMC1lY2FhLTExZTYtOGY4OC0zNDM2M2JjN2M0YzAiOnsiZGVsZXRlIjoxODAwMDAwMDAwMDAsInJlYWQiOjkwMDAwMDAwMDAwMCwidXBkYXRlIjozMDAwMDAwMDAwMDB9fQ=="
        }
      ]
    },
    {
      "module": "module.vpc",
      "mode": "managed",
      "type": "aws_internet_gateway",
      "name": "ast-igw",
      "provider": "module.vpc.provider[\"registry.terraform.io/hashicorp/aws\"]",
      "instances": [
        {
          "schema_version": 0,
          "attributes": {
            "arn": "arn:aws:ec2:ap-southeast-1:360760555806:internet-gateway/igw-084c03f28cfc104be",
            "id": "igw-084c03f28cfc104be",
            "owner_id": "360760555806",
            "tags": {
              "Name": "ast-igw"
            },
            "tags_all": {
              "Name": "ast-igw"
            },
            "vpc_id": "vpc-042580b6e68570552"
          },
          "private": "bnVsbA==",
          "dependencies": [
            "module.vpc.aws_vpc.ast-test"
          ]
        }
      ]
    },
    {
      "module": "module.vpc",
      "mode": "managed",
      "type": "aws_nat_gateway",
      "name": "ast-nat",
      "provider": "module.vpc.provider[\"registry.terraform.io/hashicorp/aws\"]",
      "instances": [
        {
          "schema_version": 0,
          "attributes": {
            "allocation_id": "eipalloc-08da6162927b91821",
            "connectivity_type": "public",
            "id": "nat-0986fa89c3b6cc155",
            "network_interface_id": "eni-0c4ca4be6c963b542",
            "private_ip": "10.0.1.61",
            "public_ip": "18.142.5.127",
            "subnet_id": "subnet-07ed3a0faa6ed398a",
            "tags": {
              "Name": "ast-nat"
            },
            "tags_all": {
              "Name": "ast-nat"
            }
          },
          "private": "bnVsbA==",
          "dependencies": [
            "module.vpc.aws_eip.ast-eip",
            "module.vpc.aws_internet_gateway.ast-igw",
            "module.vpc.aws_subnet.ast-public",
            "module.vpc.aws_vpc.ast-test"
          ]
        }
      ]
    },
    {
      "module": "module.vpc",
      "mode": "managed",
      "type": "aws_route_table",
      "name": "ast-rt-priv",
      "provider": "module.vpc.provider[\"registry.terraform.io/hashicorp/aws\"]",
      "instances": [
        {
          "schema_version": 0,
          "attributes": {
            "arn": "arn:aws:ec2:ap-southeast-1:360760555806:route-table/rtb-0c6ab937f28f76337",
            "id": "rtb-0c6ab937f28f76337",
            "owner_id": "360760555806",
            "propagating_vgws": [],
            "route": [
              {
                "carrier_gateway_id": "",
                "cidr_block": "0.0.0.0/0",
                "destination_prefix_list_id": "",
                "egress_only_gateway_id": "",
                "gateway_id": "nat-0986fa89c3b6cc155",
                "instance_id": "",
                "ipv6_cidr_block": "",
                "local_gateway_id": "",
                "nat_gateway_id": "",
                "network_interface_id": "",
                "transit_gateway_id": "",
                "vpc_endpoint_id": "",
                "vpc_peering_connection_id": ""
              }
            ],
            "tags": {},
            "tags_all": {},
            "vpc_id": "vpc-042580b6e68570552"
          },
          "private": "bnVsbA==",
          "dependencies": [
            "module.vpc.aws_nat_gateway.ast-nat",
            "module.vpc.aws_vpc.ast-test"
          ]
        }
      ]
    },
    {
      "module": "module.vpc",
      "mode": "managed",
      "type": "aws_route_table",
      "name": "ast-rt-pub",
      "provider": "module.vpc.provider[\"registry.terraform.io/hashicorp/aws\"]",
      "instances": [
        {
          "schema_version": 0,
          "attributes": {
            "arn": "arn:aws:ec2:ap-southeast-1:360760555806:route-table/rtb-0709c7d7f3b96f87a",
            "id": "rtb-0709c7d7f3b96f87a",
            "owner_id": "360760555806",
            "propagating_vgws": [],
            "route": [
              {
                "carrier_gateway_id": "",
                "cidr_block": "0.0.0.0/0",
                "destination_prefix_list_id": "",
                "egress_only_gateway_id": "",
                "gateway_id": "igw-084c03f28cfc104be",
                "instance_id": "",
                "ipv6_cidr_block": "",
                "local_gateway_id": "",
                "nat_gateway_id": "",
                "network_interface_id": "",
                "transit_gateway_id": "",
                "vpc_endpoint_id": "",
                "vpc_peering_connection_id": ""
              }
            ],
            "tags": {},
            "tags_all": {},
            "vpc_id": "vpc-042580b6e68570552"
          },
          "private": "bnVsbA==",
          "dependencies": [
            "module.vpc.aws_internet_gateway.ast-igw",
            "module.vpc.aws_vpc.ast-test"
          ]
        }
      ]
    },
    {
      "module": "module.vpc",
      "mode": "managed",
      "type": "aws_route_table_association",
      "name": "ast-priv-rta",
      "provider": "module.vpc.provider[\"registry.terraform.io/hashicorp/aws\"]",
      "instances": [
        {
          "schema_version": 0,
          "attributes": {
            "gateway_id": "",
            "id": "rtbassoc-0357828454d956649",
            "route_table_id": "rtb-0c6ab937f28f76337",
            "subnet_id": "subnet-04be360091e6bc26b"
          },
          "private": "bnVsbA==",
          "dependencies": [
            "module.vpc.aws_eip.ast-eip",
            "module.vpc.aws_internet_gateway.ast-igw",
            "module.vpc.aws_nat_gateway.ast-nat",
            "module.vpc.aws_route_table.ast-rt-priv",
            "module.vpc.aws_subnet.ast-private",
            "module.vpc.aws_subnet.ast-public",
            "module.vpc.aws_vpc.ast-test"
          ]
        }
      ]
    },
    {
      "module": "module.vpc",
      "mode": "managed",
      "type": "aws_route_table_association",
      "name": "ast-pub-rta",
      "provider": "module.vpc.provider[\"registry.terraform.io/hashicorp/aws\"]",
      "instances": [
        {
          "schema_version": 0,
          "attributes": {
            "gateway_id": "",
            "id": "rtbassoc-08acf29f153397ef4",
            "route_table_id": "rtb-0709c7d7f3b96f87a",
            "subnet_id": "subnet-07ed3a0faa6ed398a"
          },
          "private": "bnVsbA==",
          "dependencies": [
            "module.vpc.aws_internet_gateway.ast-igw",
            "module.vpc.aws_route_table.ast-rt-pub",
            "module.vpc.aws_subnet.ast-public",
            "module.vpc.aws_vpc.ast-test"
          ]
        }
      ]
    },
    {
      "module": "module.vpc",
      "mode": "managed",
      "type": "aws_security_group",
      "name": "ast-allow-default",
      "provider": "module.vpc.provider[\"registry.terraform.io/hashicorp/aws\"]",
      "instances": [
        {
          "schema_version": 1,
          "attributes": {
            "arn": "arn:aws:ec2:ap-southeast-1:360760555806:security-group/sg-020bec2f1ede4c8ca",
            "description": "Allow TLS \u0026 SSH inbound traffic",
            "egress": [
              {
                "cidr_blocks": [
                  "0.0.0.0/0"
                ],
                "description": "",
                "from_port": 0,
                "ipv6_cidr_blocks": [
                  "::/0"
                ],
                "prefix_list_ids": [],
                "protocol": "-1",
                "security_groups": [],
                "self": false,
                "to_port": 0
              }
            ],
            "id": "sg-020bec2f1ede4c8ca",
            "ingress": [
              {
                "cidr_blocks": [
                  "0.0.0.0/0"
                ],
                "description": "",
                "from_port": 22,
                "ipv6_cidr_blocks": [],
                "prefix_list_ids": [],
                "protocol": "tcp",
                "security_groups": [],
                "self": false,
                "to_port": 22
              },
              {
                "cidr_blocks": [
                  "0.0.0.0/0"
                ],
                "description": "",
                "from_port": 443,
                "ipv6_cidr_blocks": [],
                "prefix_list_ids": [],
                "protocol": "tcp",
                "security_groups": [],
                "self": false,
                "to_port": 443
              }
            ],
            "name": "ast-allow-default",
            "name_prefix": "",
            "owner_id": "360760555806",
            "revoke_rules_on_delete": false,
            "tags": {
              "Name": "ast-allow-default"
            },
            "tags_all": {
              "Name": "ast-allow-default"
            },
            "timeouts": null,
            "vpc_id": "vpc-042580b6e68570552"
          },
          "private": "eyJlMmJmYjczMC1lY2FhLTExZTYtOGY4OC0zNDM2M2JjN2M0YzAiOnsiY3JlYXRlIjo2MDAwMDAwMDAwMDAsImRlbGV0ZSI6OTAwMDAwMDAwMDAwfSwic2NoZW1hX3ZlcnNpb24iOiIxIn0=",
          "dependencies": [
            "module.vpc.aws_vpc.ast-test"
          ]
        }
      ]
    },
    {
      "module": "module.vpc",
      "mode": "managed",
      "type": "aws_subnet",
      "name": "ast-private",
      "provider": "module.vpc.provider[\"registry.terraform.io/hashicorp/aws\"]",
      "instances": [
        {
          "schema_version": 1,
          "attributes": {
            "arn": "arn:aws:ec2:ap-southeast-1:360760555806:subnet/subnet-04be360091e6bc26b",
            "assign_ipv6_address_on_creation": false,
            "availability_zone": "ap-southeast-1c",
            "availability_zone_id": "apse1-az3",
            "cidr_block": "10.0.2.0/24",
            "customer_owned_ipv4_pool": "",
            "id": "subnet-04be360091e6bc26b",
            "ipv6_cidr_block": "",
            "ipv6_cidr_block_association_id": "",
            "map_customer_owned_ip_on_launch": false,
            "map_public_ip_on_launch": false,
            "outpost_arn": "",
            "owner_id": "360760555806",
            "tags": {
              "Name": "ast-private"
            },
            "tags_all": {
              "Name": "ast-private"
            },
            "timeouts": null,
            "vpc_id": "vpc-042580b6e68570552"
          },
          "private": "eyJlMmJmYjczMC1lY2FhLTExZTYtOGY4OC0zNDM2M2JjN2M0YzAiOnsiY3JlYXRlIjo2MDAwMDAwMDAwMDAsImRlbGV0ZSI6MTIwMDAwMDAwMDAwMH0sInNjaGVtYV92ZXJzaW9uIjoiMSJ9",
          "dependencies": [
            "module.vpc.aws_vpc.ast-test"
          ]
        }
      ]
    },
    {
      "module": "module.vpc",
      "mode": "managed",
      "type": "aws_subnet",
      "name": "ast-public",
      "provider": "module.vpc.provider[\"registry.terraform.io/hashicorp/aws\"]",
      "instances": [
        {
          "schema_version": 1,
          "attributes": {
            "arn": "arn:aws:ec2:ap-southeast-1:360760555806:subnet/subnet-07ed3a0faa6ed398a",
            "assign_ipv6_address_on_creation": false,
            "availability_zone": "ap-southeast-1b",
            "availability_zone_id": "apse1-az1",
            "cidr_block": "10.0.1.0/24",
            "customer_owned_ipv4_pool": "",
            "id": "subnet-07ed3a0faa6ed398a",
            "ipv6_cidr_block": "",
            "ipv6_cidr_block_association_id": "",
            "map_customer_owned_ip_on_launch": false,
            "map_public_ip_on_launch": true,
            "outpost_arn": "",
            "owner_id": "360760555806",
            "tags": {
              "Name": "ast-public"
            },
            "tags_all": {
              "Name": "ast-public"
            },
            "timeouts": null,
            "vpc_id": "vpc-042580b6e68570552"
          },
          "private": "eyJlMmJmYjczMC1lY2FhLTExZTYtOGY4OC0zNDM2M2JjN2M0YzAiOnsiY3JlYXRlIjo2MDAwMDAwMDAwMDAsImRlbGV0ZSI6MTIwMDAwMDAwMDAwMH0sInNjaGVtYV92ZXJzaW9uIjoiMSJ9",
          "dependencies": [
            "module.vpc.aws_vpc.ast-test"
          ]
        }
      ]
    },
    {
      "module": "module.vpc",
      "mode": "managed",
      "type": "aws_vpc",
      "name": "ast-test",
      "provider": "module.vpc.provider[\"registry.terraform.io/hashicorp/aws\"]",
      "instances": [
        {
          "schema_version": 1,
          "attributes": {
            "arn": "arn:aws:ec2:ap-southeast-1:360760555806:vpc/vpc-042580b6e68570552",
            "assign_generated_ipv6_cidr_block": false,
            "cidr_block": "10.0.0.0/16",
            "default_network_acl_id": "acl-0f0af9b4b83ef49c3",
            "default_route_table_id": "rtb-0d04234f9c60c3bb2",
            "default_security_group_id": "sg-0ba9575192abd2c7e",
            "dhcp_options_id": "dopt-b6f34fd1",
            "enable_classiclink": false,
            "enable_classiclink_dns_support": false,
            "enable_dns_hostnames": false,
            "enable_dns_support": true,
            "id": "vpc-042580b6e68570552",
            "instance_tenancy": "default",
            "ipv6_association_id": "",
            "ipv6_cidr_block": "",
            "main_route_table_id": "rtb-0d04234f9c60c3bb2",
            "owner_id": "360760555806",
            "tags": {
              "Name": "ast-test"
            },
            "tags_all": {
              "Name": "ast-test"
            }
          },
          "private": "eyJzY2hlbWFfdmVyc2lvbiI6IjEifQ=="
        }
      ]
    }
  ]
}
