{
  "version": 4,
  "terraform_version": "0.13.5",
  "serial": 84,
  "lineage": "f5bd6645-4837-426f-f282-4e0d3418129a",
  "outputs": {},
  "resources": [
    {
      "mode": "managed",
      "type": "aws_ecs_cluster",
      "name": "ast-cluster",
      "provider": "provider[\"registry.terraform.io/hashicorp/aws\"]",
      "instances": [
        {
          "schema_version": 0,
          "attributes": {
            "arn": "arn:aws:ecs:ap-southeast-1:360760555806:cluster/ast-cluster",
            "capacity_providers": [],
            "configuration": [],
            "default_capacity_provider_strategy": [],
            "id": "arn:aws:ecs:ap-southeast-1:360760555806:cluster/ast-cluster",
            "name": "ast-cluster",
            "setting": [
              {
                "name": "containerInsights",
                "value": "disabled"
              }
            ],
            "tags": {},
            "tags_all": {}
          },
          "private": "bnVsbA=="
        }
      ]
    },
    {
      "mode": "managed",
      "type": "aws_key_pair",
      "name": "ast-pkey",
      "provider": "provider[\"registry.terraform.io/hashicorp/aws\"]",
      "instances": [
        {
          "schema_version": 1,
          "attributes": {
            "arn": "arn:aws:ec2:ap-southeast-1:360760555806:key-pair/ast-pkey",
            "fingerprint": "8d:01:32:76:b7:1c:78:07:a8:3b:db:b7:ce:8a:0b:be",
            "id": "ast-pkey",
            "key_name": "ast-pkey",
            "key_name_prefix": null,
            "key_pair_id": "key-0dd1cbb01be826bb1",
            "public_key": "ssh-rsa AAAAB3NzaC1yc2EAAAADAQABAAABgQDiHq4vfgd0QAC/UNzvezU204gWAWQgloaAsP7S0qA2kEnknnsfWwmUCwwlVb4fNcY/cXmt5jStjMW1yDtcQGDDb/n4K88L83pUvUC7BYE55ADquvCFoamVHmAT63Ko5rvjol0kYZ8cEP6QpHAzwqqOyj/YMB+ZD+Uq3YoU16ODiJSvY1mGchal2iB1SFgMyRfleiPtNnX1zVYKUe0qLQFYtss6G51gT/vaQd4B7jrXOHXeowvGCI0DLgHGjJmeLlzia+MlqYKcrRJ/GYUy1Meyc5UNU9kBVUgKhIhYQYxKvkQw+AnrTS5sVgbTPGP3FeS1AzqQoUl+PDylDz5UfnCOmpndn7AhX3hgsARfb/mW4dXTDda9XHdKd9Vx7L/bnzPE3n5ZFdcyc4RpJf1aAmvoQI7h31IUIxEr35l5MA/fj65E35RI62dd0TPh5AdNf2pnPMviO3KM0P0vO1Xpbz5vyJHUfroXpexdmYyLpca989Ym52HAmbNukkzNlElsGg8= astrico@astricos-MacBook-Pro.local",
            "tags": {},
            "tags_all": {}
          },
          "private": "eyJzY2hlbWFfdmVyc2lvbiI6IjEifQ=="
        }
      ]
    },
    {
      "module": "module.alb",
      "mode": "managed",
      "type": "aws_alb",
      "name": "alb",
      "provider": "provider[\"registry.terraform.io/hashicorp/aws\"]",
      "instances": [
        {
          "schema_version": 0,
          "attributes": {
            "access_logs": [
              {
                "bucket": "",
                "enabled": false,
                "prefix": ""
              }
            ],
            "arn": "arn:aws:elasticloadbalancing:ap-southeast-1:360760555806:loadbalancer/app/ast-alb/e23fe3b39f0ead0f",
            "arn_suffix": "app/ast-alb/e23fe3b39f0ead0f",
            "customer_owned_ipv4_pool": "",
            "dns_name": "ast-alb-1973037107.ap-southeast-1.elb.amazonaws.com",
            "drop_invalid_header_fields": false,
            "enable_cross_zone_load_balancing": null,
            "enable_deletion_protection": false,
            "enable_http2": true,
            "id": "arn:aws:elasticloadbalancing:ap-southeast-1:360760555806:loadbalancer/app/ast-alb/e23fe3b39f0ead0f",
            "idle_timeout": 60,
            "internal": false,
            "ip_address_type": "ipv4",
            "load_balancer_type": "application",
            "name": "ast-alb",
            "name_prefix": null,
            "security_groups": [
              "sg-0dfe4b762cfdfdfb0"
            ],
            "subnet_mapping": [
              {
                "allocation_id": "",
                "ipv6_address": "",
                "outpost_id": "",
                "private_ipv4_address": "",
                "subnet_id": "subnet-01216e119e39c8b9b"
              },
              {
                "allocation_id": "",
                "ipv6_address": "",
                "outpost_id": "",
                "private_ipv4_address": "",
                "subnet_id": "subnet-07ed3a0faa6ed398a"
              }
            ],
            "subnets": [
              "subnet-01216e119e39c8b9b",
              "subnet-07ed3a0faa6ed398a"
            ],
            "tags": {},
            "tags_all": {},
            "timeouts": null,
            "vpc_id": "vpc-042580b6e68570552",
            "zone_id": "Z1LMS91P8CMLE5"
          },
          "private": "eyJlMmJmYjczMC1lY2FhLTExZTYtOGY4OC0zNDM2M2JjN2M0YzAiOnsiY3JlYXRlIjo2MDAwMDAwMDAwMDAsImRlbGV0ZSI6NjAwMDAwMDAwMDAwLCJ1cGRhdGUiOjYwMDAwMDAwMDAwMH19",
          "dependencies": [
            "module.alb.aws_security_group.alb",
            "module.vpc.aws_subnet.ast-public",
            "module.vpc.aws_subnet.ast-public-2",
            "module.vpc.aws_vpc.ast-test"
          ]
        }
      ]
    },
    {
      "module": "module.alb",
      "mode": "managed",
      "type": "aws_alb_listener",
      "name": "http",
      "provider": "provider[\"registry.terraform.io/hashicorp/aws\"]",
      "instances": [
        {
          "schema_version": 0,
          "attributes": {
            "alpn_policy": null,
            "arn": "arn:aws:elasticloadbalancing:ap-southeast-1:360760555806:listener/app/ast-alb/e23fe3b39f0ead0f/74c4ce9e23c2af37",
            "certificate_arn": null,
            "default_action": [
              {
                "authenticate_cognito": [],
                "authenticate_oidc": [],
                "fixed_response": [],
                "forward": [],
                "order": 1,
                "redirect": [],
                "target_group_arn": "arn:aws:elasticloadbalancing:ap-southeast-1:360760555806:targetgroup/ast-alb-default/747547148e759aae",
                "type": "forward"
              }
            ],
            "id": "arn:aws:elasticloadbalancing:ap-southeast-1:360760555806:listener/app/ast-alb/e23fe3b39f0ead0f/74c4ce9e23c2af37",
            "load_balancer_arn": "arn:aws:elasticloadbalancing:ap-southeast-1:360760555806:loadbalancer/app/ast-alb/e23fe3b39f0ead0f",
            "port": 80,
            "protocol": "HTTP",
            "ssl_policy": "",
            "tags": {},
            "tags_all": {},
            "timeouts": null
          },
          "private": "eyJlMmJmYjczMC1lY2FhLTExZTYtOGY4OC0zNDM2M2JjN2M0YzAiOnsicmVhZCI6NjAwMDAwMDAwMDAwfX0=",
          "dependencies": [
            "module.alb.aws_alb.alb",
            "module.alb.aws_alb_target_group.default",
            "module.alb.aws_security_group.alb",
            "module.vpc.aws_subnet.ast-public",
            "module.vpc.aws_subnet.ast-public-2",
            "module.vpc.aws_vpc.ast-test"
          ]
        }
      ]
    },
    {
      "module": "module.alb",
      "mode": "managed",
      "type": "aws_alb_target_group",
      "name": "default",
      "provider": "provider[\"registry.terraform.io/hashicorp/aws\"]",
      "instances": [
        {
          "schema_version": 0,
          "attributes": {
            "arn": "arn:aws:elasticloadbalancing:ap-southeast-1:360760555806:targetgroup/ast-alb-default/747547148e759aae",
            "arn_suffix": "targetgroup/ast-alb-default/747547148e759aae",
            "deregistration_delay": 60,
            "health_check": [
              {
                "enabled": true,
                "healthy_threshold": 3,
                "interval": 30,
                "matcher": "200",
                "path": "/healthcheck",
                "port": "traffic-port",
                "protocol": "HTTP",
                "timeout": 5,
                "unhealthy_threshold": 3
              }
            ],
            "id": "arn:aws:elasticloadbalancing:ap-southeast-1:360760555806:targetgroup/ast-alb-default/747547148e759aae",
            "lambda_multi_value_headers_enabled": false,
            "load_balancing_algorithm_type": "round_robin",
            "name": "ast-alb-default",
            "name_prefix": null,
            "port": 80,
            "preserve_client_ip": null,
            "protocol": "HTTP",
            "protocol_version": "HTTP1",
            "proxy_protocol_v2": false,
            "slow_start": 0,
            "stickiness": [
              {
                "cookie_duration": 86400,
                "cookie_name": "",
                "enabled": false,
                "type": "lb_cookie"
              }
            ],
            "tags": {},
            "tags_all": {},
            "target_type": "instance",
            "vpc_id": "vpc-042580b6e68570552"
          },
          "private": "bnVsbA==",
          "dependencies": [
            "module.vpc.aws_vpc.ast-test"
          ]
        }
      ]
    },
    {
      "module": "module.alb",
      "mode": "managed",
      "type": "aws_security_group",
      "name": "alb",
      "provider": "provider[\"registry.terraform.io/hashicorp/aws\"]",
      "instances": [
        {
          "schema_version": 1,
          "attributes": {
            "arn": "arn:aws:ec2:ap-southeast-1:360760555806:security-group/sg-0dfe4b762cfdfdfb0",
            "description": "Managed by Terraform",
            "egress": [
              {
                "cidr_blocks": [
                  "0.0.0.0/0"
                ],
                "description": "",
                "from_port": 0,
                "ipv6_cidr_blocks": [
                  "::/0"
                ],
                "prefix_list_ids": [],
                "protocol": "-1",
                "security_groups": [],
                "self": false,
                "to_port": 0
              }
            ],
            "id": "sg-0dfe4b762cfdfdfb0",
            "ingress": [
              {
                "cidr_blocks": [
                  "0.0.0.0/0"
                ],
                "description": "",
                "from_port": 80,
                "ipv6_cidr_blocks": [],
                "prefix_list_ids": [],
                "protocol": "tcp",
                "security_groups": [],
                "self": false,
                "to_port": 80
              }
            ],
            "name": "ast-alb_sg",
            "name_prefix": "",
            "owner_id": "360760555806",
            "revoke_rules_on_delete": false,
            "tags": {},
            "tags_all": {},
            "timeouts": null,
            "vpc_id": "vpc-042580b6e68570552"
          },
          "private": "eyJlMmJmYjczMC1lY2FhLTExZTYtOGY4OC0zNDM2M2JjN2M0YzAiOnsiY3JlYXRlIjo2MDAwMDAwMDAwMDAsImRlbGV0ZSI6OTAwMDAwMDAwMDAwfSwic2NoZW1hX3ZlcnNpb24iOiIxIn0=",
          "dependencies": [
            "module.vpc.aws_vpc.ast-test"
          ]
        }
      ]
    },
    {
      "module": "module.ecr",
      "mode": "managed",
      "type": "aws_ecr_repository",
      "name": "ast-ecr",
      "provider": "provider[\"registry.terraform.io/hashicorp/aws\"]",
      "instances": [
        {
          "schema_version": 0,
          "attributes": {
            "arn": "arn:aws:ecr:ap-southeast-1:360760555806:repository/ast-sample-nodejs",
            "encryption_configuration": [
              {
                "encryption_type": "AES256",
                "kms_key": ""
              }
            ],
            "id": "ast-sample-nodejs",
            "image_scanning_configuration": [
              {
                "scan_on_push": true
              }
            ],
            "image_tag_mutability": "MUTABLE",
            "name": "ast-sample-nodejs",
            "registry_id": "360760555806",
            "repository_url": "360760555806.dkr.ecr.ap-southeast-1.amazonaws.com/ast-sample-nodejs",
            "tags": {},
            "tags_all": {},
            "timeouts": null
          },
          "private": "eyJlMmJmYjczMC1lY2FhLTExZTYtOGY4OC0zNDM2M2JjN2M0YzAiOnsiZGVsZXRlIjoxMjAwMDAwMDAwMDAwfX0="
        }
      ]
    },
    {
      "module": "module.ecs_instances",
      "mode": "managed",
      "type": "aws_autoscaling_group",
      "name": "asg",
      "provider": "provider[\"registry.terraform.io/hashicorp/aws\"]",
      "instances": [
        {
          "schema_version": 0,
          "attributes": {
            "arn": "arn:aws:autoscaling:ap-southeast-1:360760555806:autoScalingGroup:a464e2b8-8926-431d-ba41-1b6aa168bd94:autoScalingGroupName/ast-cluster_ast-instances",
            "availability_zones": [
              "ap-southeast-1c"
            ],
            "capacity_rebalance": false,
            "default_cooldown": 300,
            "desired_capacity": 1,
            "enabled_metrics": null,
            "force_delete": true,
            "force_delete_warm_pool": false,
            "health_check_grace_period": 300,
            "health_check_type": "EC2",
            "id": "ast-cluster_ast-instances",
            "initial_lifecycle_hook": [],
            "instance_refresh": [],
            "launch_configuration": "ast-cluster_ast-instances_20210810042159647200000001",
            "launch_template": [],
            "load_balancers": null,
            "max_instance_lifetime": 0,
            "max_size": 2,
            "metrics_granularity": "1Minute",
            "min_elb_capacity": null,
            "min_size": 1,
            "mixed_instances_policy": [],
            "name": "ast-cluster_ast-instances",
            "name_prefix": "",
            "placement_group": "",
            "protect_from_scale_in": false,
            "service_linked_role_arn": "arn:aws:iam::360760555806:role/aws-service-role/autoscaling.amazonaws.com/AWSServiceRoleForAutoScaling",
            "suspended_processes": null,
            "tag": [
              {
                "key": "Cluster",
                "propagate_at_launch": true,
                "value": "ast-cluster"
              },
              {
                "key": "DependsId",
                "propagate_at_launch": false,
                "value": "nat-0986fa89c3b6cc155"
              },
              {
                "key": "InstanceGroup",
                "propagate_at_launch": true,
                "value": "ast-instances"
              },
              {
                "key": "Name",
                "propagate_at_launch": true,
                "value": "ecs_ast-cluster_ast-instances"
              }
            ],
            "tags": null,
            "target_group_arns": null,
            "termination_policies": null,
            "timeouts": null,
            "vpc_zone_identifier": [
              "subnet-04be360091e6bc26b",
              "subnet-0e560987ffefa62bf"
            ],
            "wait_for_capacity_timeout": "10m",
            "wait_for_elb_capacity": null,
            "warm_pool": []
          },
          "private": "eyJlMmJmYjczMC1lY2FhLTExZTYtOGY4OC0zNDM2M2JjN2M0YzAiOnsiZGVsZXRlIjo2MDAwMDAwMDAwMDB9fQ==",
          "dependencies": [
            "aws_ecs_cluster.ast-cluster",
            "aws_key_pair.ast-pkey",
            "module.ecs_instances.aws_launch_configuration.launch",
            "module.ecs_instances.aws_security_group.instance",
            "module.role.aws_iam_instance_profile.ecs",
            "module.vpc.aws_nat_gateway.ast-nat",
            "module.vpc.aws_subnet.ast-private",
            "module.vpc.aws_subnet.ast-private-2"
          ]
        }
      ]
    },
    {
      "module": "module.ecs_instances",
      "mode": "managed",
      "type": "aws_launch_configuration",
      "name": "launch",
      "provider": "provider[\"registry.terraform.io/hashicorp/aws\"]",
      "instances": [
        {
          "schema_version": 0,
          "attributes": {
            "arn": "arn:aws:autoscaling:ap-southeast-1:360760555806:launchConfiguration:62efee55-3167-4edb-a471-370236c855d1:launchConfigurationName/ast-cluster_ast-instances_20210810042159647200000001",
            "associate_public_ip_address": false,
            "ebs_block_device": [],
            "ebs_optimized": false,
            "enable_monitoring": true,
            "ephemeral_block_device": [],
            "iam_instance_profile": "ast_ecs_instance_profile",
            "id": "ast-cluster_ast-instances_20210810042159647200000001",
            "image_id": "ami-092972043c71cd403",
            "instance_type": "t2.micro",
            "key_name": "ast-pkey",
            "metadata_options": [],
            "name": "ast-cluster_ast-instances_20210810042159647200000001",
            "name_prefix": "ast-cluster_ast-instances_",
            "placement_tenancy": null,
            "root_block_device": [],
            "security_groups": [
              "sg-05fbaee126333c8e2"
            ],
            "spot_price": "",
            "user_data": null,
            "user_data_base64": null,
            "vpc_classic_link_id": "",
            "vpc_classic_link_security_groups": null
          },
          "private": "bnVsbA==",
          "dependencies": [
            "aws_ecs_cluster.ast-cluster",
            "aws_key_pair.ast-pkey",
            "module.ecs_instances.aws_security_group.instance",
            "module.role.aws_iam_instance_profile.ecs"
          ],
          "create_before_destroy": true
        }
      ]
    },
    {
      "module": "module.ecs_instances",
      "mode": "managed",
      "type": "aws_security_group",
      "name": "instance",
      "provider": "provider[\"registry.terraform.io/hashicorp/aws\"]",
      "instances": [
        {
          "schema_version": 1,
          "attributes": {
            "arn": "arn:aws:ec2:ap-southeast-1:360760555806:security-group/sg-05fbaee126333c8e2",
            "description": "Used in ast-cluster",
            "egress": [
              {
                "cidr_blocks": [
                  "0.0.0.0/0"
                ],
                "description": "",
                "from_port": 0,
                "ipv6_cidr_blocks": [],
                "prefix_list_ids": [],
                "protocol": "-1",
                "security_groups": [],
                "self": false,
                "to_port": 0
              }
            ],
            "id": "sg-05fbaee126333c8e2",
            "ingress": [],
            "name": "ast-cluster_ast-instances",
            "name_prefix": "",
            "owner_id": "360760555806",
            "revoke_rules_on_delete": false,
            "tags": {
              "Cluster": "ast-cluster",
              "InstanceGroup": "ast-instances"
            },
            "tags_all": {
              "Cluster": "ast-cluster",
              "InstanceGroup": "ast-instances"
            },
            "timeouts": null,
            "vpc_id": "vpc-042580b6e68570552"
          },
          "private": "eyJlMmJmYjczMC1lY2FhLTExZTYtOGY4OC0zNDM2M2JjN2M0YzAiOnsiY3JlYXRlIjo2MDAwMDAwMDAwMDAsImRlbGV0ZSI6OTAwMDAwMDAwMDAwfSwic2NoZW1hX3ZlcnNpb24iOiIxIn0=",
          "dependencies": [
            "aws_ecs_cluster.ast-cluster",
            "module.vpc.aws_vpc.ast-test"
          ]
        }
      ]
    },
    {
      "module": "module.ecs_instances",
      "mode": "managed",
      "type": "aws_security_group_rule",
      "name": "outbound_internet_access",
      "provider": "provider[\"registry.terraform.io/hashicorp/aws\"]",
      "instances": [
        {
          "schema_version": 2,
          "attributes": {
            "cidr_blocks": [
              "0.0.0.0/0"
            ],
            "description": "",
            "from_port": 0,
            "id": "sgrule-4255619989",
            "ipv6_cidr_blocks": [],
            "prefix_list_ids": [],
            "protocol": "-1",
            "security_group_id": "sg-05fbaee126333c8e2",
            "self": false,
            "source_security_group_id": null,
            "to_port": 0,
            "type": "egress"
          },
          "private": "eyJzY2hlbWFfdmVyc2lvbiI6IjIifQ==",
          "dependencies": [
            "aws_ecs_cluster.ast-cluster",
            "module.ecs_instances.aws_security_group.instance",
            "module.vpc.aws_vpc.ast-test"
          ]
        }
      ]
    },
    {
      "module": "module.role",
      "mode": "managed",
      "type": "aws_iam_instance_profile",
      "name": "ecs",
      "provider": "provider[\"registry.terraform.io/hashicorp/aws\"]",
      "instances": [
        {
          "schema_version": 0,
          "attributes": {
            "arn": "arn:aws:iam::360760555806:instance-profile/ast_ecs_instance_profile",
            "create_date": "2021-08-10T03:55:15Z",
            "id": "ast_ecs_instance_profile",
            "name": "ast_ecs_instance_profile",
            "name_prefix": null,
            "path": "/",
            "role": "ast_ecs_instance_role",
            "tags": {},
            "tags_all": {},
            "unique_id": "AIPAVH7YBHEPNNRO6MY5W"
          },
          "private": "bnVsbA==",
          "dependencies": [
            "module.role.aws_iam_role.ecs_instance_role"
          ]
        }
      ]
    },
    {
      "module": "module.role",
      "mode": "managed",
      "type": "aws_iam_role",
      "name": "ecs_instance_role",
      "provider": "provider[\"registry.terraform.io/hashicorp/aws\"]",
      "instances": [
        {
          "schema_version": 0,
          "attributes": {
            "arn": "arn:aws:iam::360760555806:role/ast_ecs_instance_role",
            "assume_role_policy": "{\"Version\":\"2008-10-17\",\"Statement\":[{\"Effect\":\"Allow\",\"Principal\":{\"Service\":\"ec2.amazonaws.com\"},\"Action\":\"sts:AssumeRole\"}]}",
            "create_date": "2021-08-10T03:55:11Z",
            "description": "",
            "force_detach_policies": false,
            "id": "ast_ecs_instance_role",
            "inline_policy": [
              {
                "name": "",
                "policy": ""
              }
            ],
            "managed_policy_arns": [
              "arn:aws:iam::aws:policy/CloudWatchLogsFullAccess",
              "arn:aws:iam::aws:policy/service-role/AmazonEC2ContainerServiceforEC2Role"
            ],
            "max_session_duration": 3600,
            "name": "ast_ecs_instance_role",
            "name_prefix": null,
            "path": "/",
            "permissions_boundary": null,
            "tags": {},
            "tags_all": {},
            "unique_id": "AROAVH7YBHEPKRRPFCH3H"
          },
          "private": "bnVsbA=="
        }
      ]
    },
    {
      "module": "module.role",
      "mode": "managed",
      "type": "aws_iam_role",
      "name": "ecs_lb_role",
      "provider": "provider[\"registry.terraform.io/hashicorp/aws\"]",
      "instances": [
        {
          "schema_version": 0,
          "attributes": {
            "arn": "arn:aws:iam::360760555806:role/ecs/ast_ecs_lb_role",
            "assume_role_policy": "{\"Version\":\"2008-10-17\",\"Statement\":[{\"Effect\":\"Allow\",\"Principal\":{\"Service\":\"ecs.amazonaws.com\"},\"Action\":\"sts:AssumeRole\"}]}",
            "create_date": "2021-08-10T03:55:11Z",
            "description": "",
            "force_detach_policies": false,
            "id": "ast_ecs_lb_role",
            "inline_policy": [
              {
                "name": "",
                "policy": ""
              }
            ],
            "managed_policy_arns": [
              "arn:aws:iam::aws:policy/service-role/AmazonEC2ContainerServiceRole"
            ],
            "max_session_duration": 3600,
            "name": "ast_ecs_lb_role",
            "name_prefix": null,
            "path": "/ecs/",
            "permissions_boundary": null,
            "tags": {},
            "tags_all": {},
            "unique_id": "AROAVH7YBHEPMLDPG5QLR"
          },
          "private": "bnVsbA=="
        }
      ]
    },
    {
      "module": "module.role",
      "mode": "managed",
      "type": "aws_iam_role_policy_attachment",
      "name": "ecs_ec2_cloudwatch_role",
      "provider": "provider[\"registry.terraform.io/hashicorp/aws\"]",
      "instances": [
        {
          "schema_version": 0,
          "attributes": {
            "id": "ast_ecs_instance_role-20210810035515998500000003",
            "policy_arn": "arn:aws:iam::aws:policy/CloudWatchLogsFullAccess",
            "role": "ast_ecs_instance_role"
          },
          "private": "bnVsbA==",
          "dependencies": [
            "module.role.aws_iam_role.ecs_instance_role"
          ]
        }
      ]
    },
    {
      "module": "module.role",
      "mode": "managed",
      "type": "aws_iam_role_policy_attachment",
      "name": "ecs_ec2_role",
      "provider": "provider[\"registry.terraform.io/hashicorp/aws\"]",
      "instances": [
        {
          "schema_version": 0,
          "attributes": {
            "id": "ast_ecs_instance_role-20210810035515997800000002",
            "policy_arn": "arn:aws:iam::aws:policy/service-role/AmazonEC2ContainerServiceforEC2Role",
            "role": "ast_ecs_instance_role"
          },
          "private": "bnVsbA==",
          "dependencies": [
            "module.role.aws_iam_role.ecs_instance_role"
          ]
        }
      ]
    },
    {
      "module": "module.role",
      "mode": "managed",
      "type": "aws_iam_role_policy_attachment",
      "name": "ecs_lb",
      "provider": "provider[\"registry.terraform.io/hashicorp/aws\"]",
      "instances": [
        {
          "schema_version": 0,
          "attributes": {
            "id": "ast_ecs_lb_role-20210810035515996000000001",
            "policy_arn": "arn:aws:iam::aws:policy/service-role/AmazonEC2ContainerServiceRole",
            "role": "ast_ecs_lb_role"
          },
          "private": "bnVsbA==",
          "dependencies": [
            "module.role.aws_iam_role.ecs_lb_role"
          ]
        }
      ]
    },
    {
      "module": "module.vpc",
      "mode": "managed",
      "type": "aws_eip",
      "name": "ast-eip",
      "provider": "provider[\"registry.terraform.io/hashicorp/aws\"]",
      "instances": [
        {
          "schema_version": 0,
          "attributes": {
            "address": null,
            "allocation_id": null,
            "associate_with_private_ip": null,
            "association_id": "eipassoc-012c102a5d9765dc9",
            "carrier_ip": "",
            "customer_owned_ip": "",
            "customer_owned_ipv4_pool": "",
            "domain": "vpc",
            "id": "eipalloc-08da6162927b91821",
            "instance": "",
            "network_border_group": "ap-southeast-1",
            "network_interface": "eni-0c4ca4be6c963b542",
            "private_dns": "ip-10-0-1-61.ap-southeast-1.compute.internal",
            "private_ip": "10.0.1.61",
            "public_dns": "ec2-18-142-5-127.ap-southeast-1.compute.amazonaws.com",
            "public_ip": "18.142.5.127",
            "public_ipv4_pool": "amazon",
            "tags": {
              "Name": "ast-eip"
            },
            "tags_all": {
              "Name": "ast-eip"
            },
            "timeouts": null,
            "vpc": true
          },
          "private": "eyJlMmJmYjczMC1lY2FhLTExZTYtOGY4OC0zNDM2M2JjN2M0YzAiOnsiZGVsZXRlIjoxODAwMDAwMDAwMDAsInJlYWQiOjkwMDAwMDAwMDAwMCwidXBkYXRlIjozMDAwMDAwMDAwMDB9fQ=="
        }
      ]
    },
    {
      "module": "module.vpc",
      "mode": "managed",
      "type": "aws_internet_gateway",
      "name": "ast-igw",
      "provider": "provider[\"registry.terraform.io/hashicorp/aws\"]",
      "instances": [
        {
          "schema_version": 0,
          "attributes": {
            "arn": "arn:aws:ec2:ap-southeast-1:360760555806:internet-gateway/igw-084c03f28cfc104be",
            "id": "igw-084c03f28cfc104be",
            "owner_id": "360760555806",
            "tags": {
              "Name": "ast-igw"
            },
            "tags_all": {
              "Name": "ast-igw"
            },
            "vpc_id": "vpc-042580b6e68570552"
          },
          "private": "bnVsbA==",
          "dependencies": [
            "module.vpc.aws_vpc.ast-test"
          ]
        }
      ]
    },
    {
      "module": "module.vpc",
      "mode": "managed",
      "type": "aws_nat_gateway",
      "name": "ast-nat",
      "provider": "provider[\"registry.terraform.io/hashicorp/aws\"]",
      "instances": [
        {
          "schema_version": 0,
          "attributes": {
            "allocation_id": "eipalloc-08da6162927b91821",
            "connectivity_type": "public",
            "id": "nat-0986fa89c3b6cc155",
            "network_interface_id": "eni-0c4ca4be6c963b542",
            "private_ip": "10.0.1.61",
            "public_ip": "18.142.5.127",
            "subnet_id": "subnet-07ed3a0faa6ed398a",
            "tags": {
              "Name": "ast-nat"
            },
            "tags_all": {
              "Name": "ast-nat"
            }
          },
          "private": "bnVsbA==",
          "dependencies": [
            "module.vpc.aws_eip.ast-eip",
            "module.vpc.aws_internet_gateway.ast-igw",
            "module.vpc.aws_subnet.ast-public",
            "module.vpc.aws_vpc.ast-test"
          ]
        }
      ]
    },
    {
      "module": "module.vpc",
      "mode": "managed",
      "type": "aws_route_table",
      "name": "ast-rt-priv",
      "provider": "provider[\"registry.terraform.io/hashicorp/aws\"]",
      "instances": [
        {
          "schema_version": 0,
          "attributes": {
            "arn": "arn:aws:ec2:ap-southeast-1:360760555806:route-table/rtb-0c6ab937f28f76337",
            "id": "rtb-0c6ab937f28f76337",
            "owner_id": "360760555806",
            "propagating_vgws": [],
            "route": [
              {
                "carrier_gateway_id": "",
                "cidr_block": "0.0.0.0/0",
                "destination_prefix_list_id": "",
                "egress_only_gateway_id": "",
                "gateway_id": "nat-0986fa89c3b6cc155",
                "instance_id": "",
                "ipv6_cidr_block": "",
                "local_gateway_id": "",
                "nat_gateway_id": "",
                "network_interface_id": "",
                "transit_gateway_id": "",
                "vpc_endpoint_id": "",
                "vpc_peering_connection_id": ""
              }
            ],
            "tags": {},
            "tags_all": {},
            "vpc_id": "vpc-042580b6e68570552"
          },
          "private": "bnVsbA==",
          "dependencies": [
            "module.vpc.aws_nat_gateway.ast-nat",
            "module.vpc.aws_vpc.ast-test"
          ]
        }
      ]
    },
    {
      "module": "module.vpc",
      "mode": "managed",
      "type": "aws_route_table",
      "name": "ast-rt-pub",
      "provider": "provider[\"registry.terraform.io/hashicorp/aws\"]",
      "instances": [
        {
          "schema_version": 0,
          "attributes": {
            "arn": "arn:aws:ec2:ap-southeast-1:360760555806:route-table/rtb-0709c7d7f3b96f87a",
            "id": "rtb-0709c7d7f3b96f87a",
            "owner_id": "360760555806",
            "propagating_vgws": [],
            "route": [
              {
                "carrier_gateway_id": "",
                "cidr_block": "0.0.0.0/0",
                "destination_prefix_list_id": "",
                "egress_only_gateway_id": "",
                "gateway_id": "igw-084c03f28cfc104be",
                "instance_id": "",
                "ipv6_cidr_block": "",
                "local_gateway_id": "",
                "nat_gateway_id": "",
                "network_interface_id": "",
                "transit_gateway_id": "",
                "vpc_endpoint_id": "",
                "vpc_peering_connection_id": ""
              }
            ],
            "tags": {},
            "tags_all": {},
            "vpc_id": "vpc-042580b6e68570552"
          },
          "private": "bnVsbA==",
          "dependencies": [
            "module.vpc.aws_internet_gateway.ast-igw",
            "module.vpc.aws_vpc.ast-test"
          ]
        }
      ]
    },
    {
      "module": "module.vpc",
      "mode": "managed",
      "type": "aws_route_table_association",
      "name": "ast-priv-rta",
      "provider": "provider[\"registry.terraform.io/hashicorp/aws\"]",
      "instances": [
        {
          "schema_version": 0,
          "attributes": {
            "gateway_id": "",
            "id": "rtbassoc-0357828454d956649",
            "route_table_id": "rtb-0c6ab937f28f76337",
            "subnet_id": "subnet-04be360091e6bc26b"
          },
          "private": "bnVsbA==",
          "dependencies": [
            "module.vpc.aws_eip.ast-eip",
            "module.vpc.aws_internet_gateway.ast-igw",
            "module.vpc.aws_nat_gateway.ast-nat",
            "module.vpc.aws_route_table.ast-rt-priv",
            "module.vpc.aws_subnet.ast-private",
            "module.vpc.aws_subnet.ast-public",
            "module.vpc.aws_vpc.ast-test"
          ]
        }
      ]
    },
    {
      "module": "module.vpc",
      "mode": "managed",
      "type": "aws_route_table_association",
      "name": "ast-priv2-rta",
      "provider": "provider[\"registry.terraform.io/hashicorp/aws\"]",
      "instances": [
        {
          "schema_version": 0,
          "attributes": {
            "gateway_id": "",
            "id": "rtbassoc-0ab4f872a3b01e615",
            "route_table_id": "rtb-0c6ab937f28f76337",
            "subnet_id": "subnet-0e560987ffefa62bf"
          },
          "private": "bnVsbA==",
          "dependencies": [
            "module.vpc.aws_nat_gateway.ast-nat",
            "module.vpc.aws_route_table.ast-rt-priv",
            "module.vpc.aws_subnet.ast-private-2",
            "module.vpc.aws_vpc.ast-test"
          ]
        }
      ]
    },
    {
      "module": "module.vpc",
      "mode": "managed",
      "type": "aws_route_table_association",
      "name": "ast-pub-rta",
      "provider": "provider[\"registry.terraform.io/hashicorp/aws\"]",
      "instances": [
        {
          "schema_version": 0,
          "attributes": {
            "gateway_id": "",
            "id": "rtbassoc-08acf29f153397ef4",
            "route_table_id": "rtb-0709c7d7f3b96f87a",
            "subnet_id": "subnet-07ed3a0faa6ed398a"
          },
          "private": "bnVsbA==",
          "dependencies": [
            "module.vpc.aws_internet_gateway.ast-igw",
            "module.vpc.aws_route_table.ast-rt-pub",
            "module.vpc.aws_subnet.ast-public",
            "module.vpc.aws_vpc.ast-test"
          ]
        }
      ]
    },
    {
      "module": "module.vpc",
      "mode": "managed",
      "type": "aws_route_table_association",
      "name": "ast-pub2-rta",
      "provider": "provider[\"registry.terraform.io/hashicorp/aws\"]",
      "instances": [
        {
          "schema_version": 0,
          "attributes": {
            "gateway_id": "",
            "id": "rtbassoc-082bfc56300d807c2",
            "route_table_id": "rtb-0709c7d7f3b96f87a",
            "subnet_id": "subnet-01216e119e39c8b9b"
          },
          "private": "bnVsbA==",
          "dependencies": [
            "module.vpc.aws_route_table.ast-rt-pub",
            "module.vpc.aws_subnet.ast-public-2"
          ]
        }
      ]
    },
    {
      "module": "module.vpc",
      "mode": "managed",
      "type": "aws_security_group",
      "name": "ast-allow-default",
      "provider": "provider[\"registry.terraform.io/hashicorp/aws\"]",
      "instances": [
        {
          "schema_version": 1,
          "attributes": {
            "arn": "arn:aws:ec2:ap-southeast-1:360760555806:security-group/sg-020bec2f1ede4c8ca",
            "description": "Allow TLS \u0026 SSH inbound traffic",
            "egress": [
              {
                "cidr_blocks": [
                  "0.0.0.0/0"
                ],
                "description": "",
                "from_port": 0,
                "ipv6_cidr_blocks": [
                  "::/0"
                ],
                "prefix_list_ids": [],
                "protocol": "-1",
                "security_groups": [],
                "self": false,
                "to_port": 0
              }
            ],
            "id": "sg-020bec2f1ede4c8ca",
            "ingress": [
              {
                "cidr_blocks": [
                  "0.0.0.0/0"
                ],
                "description": "",
                "from_port": 22,
                "ipv6_cidr_blocks": [],
                "prefix_list_ids": [],
                "protocol": "tcp",
                "security_groups": [],
                "self": false,
                "to_port": 22
              },
              {
                "cidr_blocks": [
                  "0.0.0.0/0"
                ],
                "description": "",
                "from_port": 443,
                "ipv6_cidr_blocks": [],
                "prefix_list_ids": [],
                "protocol": "tcp",
                "security_groups": [],
                "self": false,
                "to_port": 443
              }
            ],
            "name": "ast-allow-default",
            "name_prefix": "",
            "owner_id": "360760555806",
            "revoke_rules_on_delete": false,
            "tags": {
              "Name": "ast-allow-default"
            },
            "tags_all": {
              "Name": "ast-allow-default"
            },
            "timeouts": null,
            "vpc_id": "vpc-042580b6e68570552"
          },
          "private": "eyJlMmJmYjczMC1lY2FhLTExZTYtOGY4OC0zNDM2M2JjN2M0YzAiOnsiY3JlYXRlIjo2MDAwMDAwMDAwMDAsImRlbGV0ZSI6OTAwMDAwMDAwMDAwfSwic2NoZW1hX3ZlcnNpb24iOiIxIn0=",
          "dependencies": [
            "module.vpc.aws_vpc.ast-test"
          ]
        }
      ]
    },
    {
      "module": "module.vpc",
      "mode": "managed",
      "type": "aws_subnet",
      "name": "ast-private",
      "provider": "provider[\"registry.terraform.io/hashicorp/aws\"]",
      "instances": [
        {
          "schema_version": 1,
          "attributes": {
            "arn": "arn:aws:ec2:ap-southeast-1:360760555806:subnet/subnet-04be360091e6bc26b",
            "assign_ipv6_address_on_creation": false,
            "availability_zone": "ap-southeast-1c",
            "availability_zone_id": "apse1-az3",
            "cidr_block": "10.0.2.0/24",
            "customer_owned_ipv4_pool": "",
            "id": "subnet-04be360091e6bc26b",
            "ipv6_cidr_block": "",
            "ipv6_cidr_block_association_id": "",
            "map_customer_owned_ip_on_launch": false,
            "map_public_ip_on_launch": false,
            "outpost_arn": "",
            "owner_id": "360760555806",
            "tags": {
              "Name": "ast-private"
            },
            "tags_all": {
              "Name": "ast-private"
            },
            "timeouts": null,
            "vpc_id": "vpc-042580b6e68570552"
          },
          "private": "eyJlMmJmYjczMC1lY2FhLTExZTYtOGY4OC0zNDM2M2JjN2M0YzAiOnsiY3JlYXRlIjo2MDAwMDAwMDAwMDAsImRlbGV0ZSI6MTIwMDAwMDAwMDAwMH0sInNjaGVtYV92ZXJzaW9uIjoiMSJ9",
          "dependencies": [
            "module.vpc.aws_vpc.ast-test"
          ]
        }
      ]
    },
    {
      "module": "module.vpc",
      "mode": "managed",
      "type": "aws_subnet",
      "name": "ast-private-2",
      "provider": "provider[\"registry.terraform.io/hashicorp/aws\"]",
      "instances": [
        {
          "schema_version": 1,
          "attributes": {
            "arn": "arn:aws:ec2:ap-southeast-1:360760555806:subnet/subnet-0e560987ffefa62bf",
            "assign_ipv6_address_on_creation": false,
            "availability_zone": "ap-southeast-1c",
            "availability_zone_id": "apse1-az3",
            "cidr_block": "10.0.4.0/24",
            "customer_owned_ipv4_pool": "",
            "id": "subnet-0e560987ffefa62bf",
            "ipv6_cidr_block": "",
            "ipv6_cidr_block_association_id": "",
            "map_customer_owned_ip_on_launch": false,
            "map_public_ip_on_launch": false,
            "outpost_arn": "",
            "owner_id": "360760555806",
            "tags": {
              "Name": "ast-private"
            },
            "tags_all": {
              "Name": "ast-private"
            },
            "timeouts": null,
            "vpc_id": "vpc-042580b6e68570552"
          },
          "private": "eyJlMmJmYjczMC1lY2FhLTExZTYtOGY4OC0zNDM2M2JjN2M0YzAiOnsiY3JlYXRlIjo2MDAwMDAwMDAwMDAsImRlbGV0ZSI6MTIwMDAwMDAwMDAwMH0sInNjaGVtYV92ZXJzaW9uIjoiMSJ9",
          "dependencies": [
            "module.vpc.aws_vpc.ast-test"
          ]
        }
      ]
    },
    {
      "module": "module.vpc",
      "mode": "managed",
      "type": "aws_subnet",
      "name": "ast-public",
      "provider": "provider[\"registry.terraform.io/hashicorp/aws\"]",
      "instances": [
        {
          "schema_version": 1,
          "attributes": {
            "arn": "arn:aws:ec2:ap-southeast-1:360760555806:subnet/subnet-07ed3a0faa6ed398a",
            "assign_ipv6_address_on_creation": false,
            "availability_zone": "ap-southeast-1b",
            "availability_zone_id": "apse1-az1",
            "cidr_block": "10.0.1.0/24",
            "customer_owned_ipv4_pool": "",
            "id": "subnet-07ed3a0faa6ed398a",
            "ipv6_cidr_block": "",
            "ipv6_cidr_block_association_id": "",
            "map_customer_owned_ip_on_launch": false,
            "map_public_ip_on_launch": true,
            "outpost_arn": "",
            "owner_id": "360760555806",
            "tags": {
              "Name": "ast-public"
            },
            "tags_all": {
              "Name": "ast-public"
            },
            "timeouts": null,
            "vpc_id": "vpc-042580b6e68570552"
          },
          "private": "eyJlMmJmYjczMC1lY2FhLTExZTYtOGY4OC0zNDM2M2JjN2M0YzAiOnsiY3JlYXRlIjo2MDAwMDAwMDAwMDAsImRlbGV0ZSI6MTIwMDAwMDAwMDAwMH0sInNjaGVtYV92ZXJzaW9uIjoiMSJ9",
          "dependencies": [
            "module.vpc.aws_vpc.ast-test"
          ]
        }
      ]
    },
    {
      "module": "module.vpc",
      "mode": "managed",
      "type": "aws_subnet",
      "name": "ast-public-2",
      "provider": "provider[\"registry.terraform.io/hashicorp/aws\"]",
      "instances": [
        {
          "schema_version": 1,
          "attributes": {
            "arn": "arn:aws:ec2:ap-southeast-1:360760555806:subnet/subnet-01216e119e39c8b9b",
            "assign_ipv6_address_on_creation": false,
            "availability_zone": "ap-southeast-1a",
            "availability_zone_id": "apse1-az2",
            "cidr_block": "10.0.3.0/24",
            "customer_owned_ipv4_pool": "",
            "id": "subnet-01216e119e39c8b9b",
            "ipv6_cidr_block": "",
            "ipv6_cidr_block_association_id": "",
            "map_customer_owned_ip_on_launch": false,
            "map_public_ip_on_launch": true,
            "outpost_arn": "",
            "owner_id": "360760555806",
            "tags": {
              "Name": "ast-public"
            },
            "tags_all": {
              "Name": "ast-public"
            },
            "timeouts": null,
            "vpc_id": "vpc-042580b6e68570552"
          },
          "private": "eyJlMmJmYjczMC1lY2FhLTExZTYtOGY4OC0zNDM2M2JjN2M0YzAiOnsiY3JlYXRlIjo2MDAwMDAwMDAwMDAsImRlbGV0ZSI6MTIwMDAwMDAwMDAwMH0sInNjaGVtYV92ZXJzaW9uIjoiMSJ9",
          "dependencies": [
            "module.vpc.aws_vpc.ast-test"
          ]
        }
      ]
    },
    {
      "module": "module.vpc",
      "mode": "managed",
      "type": "aws_vpc",
      "name": "ast-test",
      "provider": "provider[\"registry.terraform.io/hashicorp/aws\"]",
      "instances": [
        {
          "schema_version": 1,
          "attributes": {
            "arn": "arn:aws:ec2:ap-southeast-1:360760555806:vpc/vpc-042580b6e68570552",
            "assign_generated_ipv6_cidr_block": false,
            "cidr_block": "10.0.0.0/16",
            "default_network_acl_id": "acl-0f0af9b4b83ef49c3",
            "default_route_table_id": "rtb-0d04234f9c60c3bb2",
            "default_security_group_id": "sg-0ba9575192abd2c7e",
            "dhcp_options_id": "dopt-b6f34fd1",
            "enable_classiclink": false,
            "enable_classiclink_dns_support": false,
            "enable_dns_hostnames": false,
            "enable_dns_support": true,
            "id": "vpc-042580b6e68570552",
            "instance_tenancy": "default",
            "ipv6_association_id": "",
            "ipv6_cidr_block": "",
            "main_route_table_id": "rtb-0d04234f9c60c3bb2",
            "owner_id": "360760555806",
            "tags": {
              "Name": "ast-test"
            },
            "tags_all": {
              "Name": "ast-test"
            }
          },
          "private": "eyJzY2hlbWFfdmVyc2lvbiI6IjEifQ=="
        }
      ]
    }
  ]
}
